PODS:
  - Amplitude-iOS (4.8.1)
  - Base32 (1.1.2)
  - Crashlytics (3.13.4):
    - Fabric (~> 1.10.2)
  - Down (0.8.6)
  - Fabric (1.10.2)
  - Firebase/Core (6.8.1):
    - Firebase/CoreOnly
    - FirebaseAnalytics (= 6.1.1)
  - Firebase/CoreOnly (6.8.1):
    - FirebaseCore (= 6.2.3)
  - FirebaseAnalytics (6.1.1):
    - FirebaseCore (~> 6.2)
    - FirebaseInstanceID (~> 4.2)
    - GoogleAppMeasurement (= 6.1.1)
    - GoogleUtilities/AppDelegateSwizzler (~> 6.0)
    - GoogleUtilities/MethodSwizzler (~> 6.0)
    - GoogleUtilities/Network (~> 6.0)
    - "GoogleUtilities/NSData+zlib (~> 6.0)"
    - nanopb (~> 0.3)
  - FirebaseCore (6.2.3):
    - FirebaseCoreDiagnostics (~> 1.0)
    - FirebaseCoreDiagnosticsInterop (~> 1.0)
    - GoogleUtilities/Environment (~> 6.2)
    - GoogleUtilities/Logger (~> 6.2)
  - FirebaseCoreDiagnostics (1.0.1):
    - FirebaseCoreDiagnosticsInterop (~> 1.0)
    - GoogleDataTransportCCTSupport (~> 1.0)
    - GoogleUtilities/Environment (~> 6.2)
    - GoogleUtilities/Logger (~> 6.2)
  - FirebaseCoreDiagnosticsInterop (1.0.0)
  - FirebaseInstanceID (4.2.5):
    - FirebaseCore (~> 6.0)
    - GoogleUtilities/Environment (~> 6.0)
    - GoogleUtilities/UserDefaults (~> 6.0)
  - GoogleAppMeasurement (6.1.1):
    - GoogleUtilities/AppDelegateSwizzler (~> 6.0)
    - GoogleUtilities/MethodSwizzler (~> 6.0)
    - GoogleUtilities/Network (~> 6.0)
    - "GoogleUtilities/NSData+zlib (~> 6.0)"
    - nanopb (~> 0.3)
  - GoogleDataTransport (1.2.0)
  - GoogleDataTransportCCTSupport (1.0.4):
    - GoogleDataTransport (~> 1.2)
    - nanopb
  - GoogleUtilities/AppDelegateSwizzler (6.3.0):
    - GoogleUtilities/Environment
    - GoogleUtilities/Logger
    - GoogleUtilities/Network
  - GoogleUtilities/Environment (6.3.0)
  - GoogleUtilities/Logger (6.3.0):
    - GoogleUtilities/Environment
  - GoogleUtilities/MethodSwizzler (6.3.0):
    - GoogleUtilities/Logger
  - GoogleUtilities/Network (6.3.0):
    - GoogleUtilities/Logger
    - "GoogleUtilities/NSData+zlib"
    - GoogleUtilities/Reachability
  - "GoogleUtilities/NSData+zlib (6.3.0)"
  - GoogleUtilities/Reachability (6.3.0):
    - GoogleUtilities/Logger
  - GoogleUtilities/UserDefaults (6.3.0):
    - GoogleUtilities/Logger
  - MBProgressHUD (1.0.0)
  - nanopb (0.3.901):
    - nanopb/decode (= 0.3.901)
    - nanopb/encode (= 0.3.901)
  - nanopb/decode (0.3.901)
  - nanopb/encode (0.3.901)
  - OneTimePassword (3.2.0):
    - Base32 (~> 1.1.2)
  - Sodium (0.8.0)
  - SwiftLint (0.38.2)
  - TrustKit (1.6.2)

DEPENDENCIES:
  - Amplitude-iOS (~> 4.5)
  - Crashlytics (~> 3.13.4)
  - Down
  - Fabric (~> 1.10.2)
  - Firebase/Core
  - MBProgressHUD (~> 1.0.0)
  - OneTimePassword (~> 3.1)
  - Sodium (~> 0.8)
  - SwiftLint
  - TrustKit

SPEC REPOS:
  trunk:
    - Amplitude-iOS
    - Base32
    - Crashlytics
    - Down
    - Fabric
    - Firebase
    - FirebaseAnalytics
    - FirebaseCore
    - FirebaseCoreDiagnostics
    - FirebaseCoreDiagnosticsInterop
    - FirebaseInstanceID
    - GoogleAppMeasurement
    - GoogleDataTransport
    - GoogleDataTransportCCTSupport
    - GoogleUtilities
    - MBProgressHUD
    - nanopb
    - OneTimePassword
    - Sodium
    - SwiftLint
    - TrustKit

SPEC CHECKSUMS:
  Amplitude-iOS: 6e2a21000b89aaa428a45cd22e56caed5e2360bf
  Base32: 163c298644d184e89ca4e00a996bad6bf5166390
  Crashlytics: 2dfd686bcb918dc10ee0e76f7f853fe42c7bd552
  Down: 3c758f2388fa739663023f400e742a988fa1e21d
  Fabric: 706c8b8098fff96c33c0db69cbf81f9c551d0d74
  Firebase: 9cbe4e5b5eaafa05dc932be58b7c8c3820d71e88
  FirebaseAnalytics: 843c7f64a8f9c79f0d03281197ebe7bb1d58d477
  FirebaseCore: e9d9bd1dae61c1e82bc1e0e617a9d832392086a0
  FirebaseCoreDiagnostics: 4c04ae09d0ab027c30179828c6bb47764df1bd13
  FirebaseCoreDiagnosticsInterop: 6829da2b8d1fc795ff1bd99df751d3788035d2cb
  FirebaseInstanceID: 550df9be1f99f751d8fcde3ac342a1e21a0e6c42
  GoogleAppMeasurement: 86a82f0e1f20b8eedf8e20326530138fd71409de
  GoogleDataTransport: 8f9897b8e073687f24ca8d3c3a8013dec7d2d1cc
  GoogleDataTransportCCTSupport: 7455d07b98851aa63e4c05a34dad356ca588479e
  GoogleUtilities: 9c2c544202301110b29f7974a82e77fdcf12bf51
  MBProgressHUD: 4890f671c94e8a0f3cf959aa731e9de2f036d71a
  nanopb: 2901f78ea1b7b4015c860c2fdd1ea2fee1a18d48
  OneTimePassword: c00ecc908e67e6c5bfda9d50b0b2e4696d0b066e
  Sodium: 63c0ca312a932e6da481689537d4b35568841bdc
  SwiftLint: 8f5d2f903e1c9bcbc832fd16771e80a263ac6cbb
  TrustKit: 0a64b37d31518f16e344ceaf27e129dde624ce75

PODFILE CHECKSUM: 4e2c673fbf4a1db270ad76fbb778640879a17c37

COCOAPODS: 1.8.4
