PODS:
  - Base32 (1.1.2)
  - CocoaAsyncSocket (7.6.3)
  - JustLog (2.6.0):
    - CocoaAsyncSocket (~> 7.6.3)
    - SwiftyBeaver (~> 1.7.0)
  - MBProgressHUD (1.0.0)
  - OneTimePassword (3.1.5):
    - Base32 (~> 1.1.2)
  - Sodium (0.8.0)
  - SwiftyBeaver (1.7.0)

DEPENDENCIES:
  - JustLog
  - MBProgressHUD (~> 1.0.0)
  - OneTimePassword (~> 3.1)
  - Sodium (~> 0.7)

SPEC REPOS:
  https://github.com/cocoapods/specs.git:
    - Base32
    - CocoaAsyncSocket
    - JustLog
    - MBProgressHUD
    - OneTimePassword
    - Sodium
    - SwiftyBeaver

SPEC CHECKSUMS:
  Base32: 163c298644d184e89ca4e00a996bad6bf5166390
  CocoaAsyncSocket: eafaa68a7e0ec99ead0a7b35015e0bf25d2c8987
  JustLog: 192079e8550c1a241ece39c6ce30fc90cd664999
  MBProgressHUD: 4890f671c94e8a0f3cf959aa731e9de2f036d71a
  OneTimePassword: 247500f67ab074f10501bb1c46bd1596c57bdb2a
  Sodium: 63c0ca312a932e6da481689537d4b35568841bdc
  SwiftyBeaver: 4cc0080d2e23f980652e28978db11a5c9da39165

PODFILE CHECKSUM: 21b461915a3a172617061dcac9f999a016347be0

COCOAPODS: 1.6.1
