{
  "object": {
    "pins": [
      {
        "package": "Amplitude",
        "repositoryURL": "https://github.com/amplitude/Amplitude-iOS.git",
        "state": {
          "branch": null,
          "revision": "83b6c60321e0d5a6824e89aa45699c557cca5531",
          "version": "8.15.2"
        }
      },
      {
        "package": "analytics-connector-ios",
        "repositoryURL": "https://github.com/amplitude/analytics-connector-ios.git",
        "state": {
          "branch": null,
          "revision": "d3d682a26ca6f4947ece2c2e627971bb41b940fa",
          "version": "1.0.1"
        }
      },
      {
        "package": "Base32",
        "repositoryURL": "https://github.com/mattrubin/Base32.git",
        "state": {
          "branch": "1.1.2+spm",
          "revision": "d185e44c8b355d34d5c6c6ad502c60cba4599f69",
          "version": null
        }
      },
      {
        "package": "DataCompression",
        "repositoryURL": "https://github.com/mw99/DataCompression.git",
        "state": {
          "branch": null,
          "revision": "5ab15951321b08b74511601cbd0497667649d70b",
          "version": "3.8.0"
        }
      },
      {
        "package": "Down",
        "repositoryURL": "https://github.com/johnxnguyen/Down",
        "state": {
          "branch": null,
          "revision": "f34b166be1f1db4aa8f573067e901d72f2a6be57",
          "version": "0.11.0"
        }
      },
      {
        "package": "PMKFoundation",
        "repositoryURL": "https://github.com/PromiseKit/Foundation.git",
        "state": {
          "branch": null,
          "revision": "985f17fa69ee0e5b7eb3ff9be87ffc4e05fc0927",
          "version": "3.4.0"
        }
      },
      {
        "package": "Kronos",
        "repositoryURL": "https://github.com/lyft/Kronos.git",
        "state": {
          "branch": null,
          "revision": "b7f54653a8bb503f42b59ab3160eb11f333b9d3f",
          "version": "4.2.1"
        }
      },
      {
        "package": "OneTimePassword",
        "repositoryURL": "https://github.com/bas-d/OneTimePassword.git",
        "state": {
          "branch": "spm",
          "revision": "520be217b1b30e4cc0d6f841d9ab871b2ed1f57c",
          "version": null
        }
      },
      {
        "package": "PromiseKit",
        "repositoryURL": "https://github.com/mxcl/PromiseKit.git",
        "state": {
          "branch": null,
          "revision": "a739d4effcbafd177a699bac8a7ff343f4d0706c",
          "version": "6.22.0"
        }
      },
      {
        "package": "Sentry",
        "repositoryURL": "https://github.com/getsentry/sentry-cocoa.git",
        "state": {
          "branch": null,
          "revision": "cf43eac1aa12017868c257ad3854ad87a5de0758",
          "version": "7.31.5"
        }
      },
      {
        "package": "Sodium",
        "repositoryURL": "https://github.com/jedisct1/swift-sodium.git",
        "state": {
          "branch": null,
          "revision": "4f9164a0a2c9a6a7ff53a2833d54a5c79c957342",
          "version": "0.9.1"
        }
      },
      {
        "package": "TrustKit",
        "repositoryURL": "https://github.com/datatheorem/TrustKit.git",
        "state": {
          "branch": null,
          "revision": "65d573e0e2687ea91ab0b1be377f9dd3eb1c2785",
          "version": "2.0.1"
        }
      }
    ]
  },
  "version": 1
}
