{
  "object": {
    "pins": [
      {
        "package": "abseil",
        "repositoryURL": "https://github.com/firebase/abseil-cpp.git",
        "state": {
          "branch": null,
          "revision": "d30bd7751ce343a05fca6413de0dec062163e5e9",
          "version": null
        }
      },
      {
        "package": "Amplitude",
        "repositoryURL": "https://github.com/amplitude/Amplitude-iOS.git",
        "state": {
          "branch": null,
          "revision": "0ae76b2280e2200b814ea3462b48b3ef06511325",
          "version": "7.1.1"
        }
      },
      {
        "package": "Base32",
        "repositoryURL": "https://github.com/bas-d/Base32",
        "state": {
          "branch": "spm",
          "revision": "27f3abc61f3190aec471ca604e6f1db80f1a5dc1",
          "version": null
        }
      },
      {
        "package": "BoringSSL-GRPC",
        "repositoryURL": "https://github.com/firebase/boringssl.git",
        "state": {
          "branch": null,
          "revision": "897ffb6fbb5a5ea149216d664ce8b04d77e3df22",
          "version": null
        }
      },
      {
        "package": "DataCompression",
        "repositoryURL": "https://github.com/mw99/DataCompression.git",
        "state": {
          "branch": null,
          "revision": "6abb8f3cd0e4b2a33b4927a7a92b6764528f2440",
          "version": "3.6.0"
        }
      },
      {
        "package": "Down",
        "repositoryURL": "https://github.com/iwasrobbed/Down.git",
        "state": {
          "branch": null,
          "revision": "427aec0a0ab342246ec02369dea398597b61174a",
          "version": "0.9.3"
        }
      },
      {
        "package": "Firebase",
        "repositoryURL": "https://github.com/firebase/firebase-ios-sdk.git",
        "state": {
          "branch": "6.31-spm-beta",
          "revision": "a4020c5dfc447183aebd9daac2708db266aa2929",
          "version": null
        }
      },
      {
        "package": "PMKFoundation",
        "repositoryURL": "https://github.com/PromiseKit/Foundation.git",
        "state": {
          "branch": null,
          "revision": "1a276e598dac59489ed904887e0740fa75e571e0",
          "version": "3.3.4"
        }
      },
      {
        "package": "gRPC",
        "repositoryURL": "https://github.com/firebase/grpc.git",
        "state": {
          "branch": null,
          "revision": "cae939a8823bbc39912aa2990cf95e29ace381b3",
          "version": null
        }
      },
      {
        "package": "GTMSessionFetcher",
        "repositoryURL": "https://github.com/google/gtm-session-fetcher.git",
        "state": {
          "branch": null,
          "revision": "1d4ef59335abfccee6150ca5c9b436c17c801fa9",
          "version": "1.4.0"
        }
      },
      {
        "package": "Kronos",
        "repositoryURL": "https://github.com/lyft/Kronos.git",
        "state": {
          "branch": null,
          "revision": "fca6a28088028c709df921307032ccb7fcab4bc0",
          "version": "4.1.1"
        }
      },
      {
        "package": "leveldb",
        "repositoryURL": "https://github.com/firebase/leveldb.git",
        "state": {
          "branch": null,
          "revision": "3f046978ecffd57ea6eb9a0897cc8a3b45b44df8",
          "version": null
        }
      },
      {
        "package": "MBProgressHUD",
        "repositoryURL": "https://github.com/jdg/MBProgressHUD.git",
        "state": {
          "branch": null,
          "revision": "bca42b801100b2b3a4eda0ba8dd33d858c780b0d",
          "version": "1.2.0"
        }
      },
      {
        "package": "nanopb",
        "repositoryURL": "https://github.com/nanopb/nanopb.git",
        "state": {
          "branch": null,
          "revision": "3cfa21200eea012d8765239ad4c50d8a36c283f1",
          "version": null
        }
      },
      {
        "package": "OneTimePassword",
        "repositoryURL": "https://github.com/bas-d/OneTimePassword.git",
        "state": {
          "branch": "spm",
          "revision": "5f413e5f6574a4807c5383ff6b7b9e9533f429bb",
          "version": null
        }
      },
      {
        "package": "PromiseKit",
        "repositoryURL": "https://github.com/mxcl/PromiseKit.git",
        "state": {
          "branch": null,
          "revision": "aea48ea1855f5d82e2dffa6027afce3aab8f3dd7",
          "version": "6.13.3"
        }
      },
      {
        "package": "Promises",
        "repositoryURL": "https://github.com/google/promises.git",
        "state": {
          "branch": null,
          "revision": "d8accebc8fa32f57196df191e733f946e955c549",
          "version": "1.2.11"
        }
      },
      {
        "package": "Sodium",
        "repositoryURL": "https://github.com/jedisct1/swift-sodium.git",
        "state": {
          "branch": null,
          "revision": "176745ddc4991b27f80c3c2637652eb33b5782eb",
          "version": "0.9.0"
        }
      },
      {
        "package": "TrustKit",
        "repositoryURL": "https://github.com/datatheorem/TrustKit.git",
        "state": {
          "branch": null,
          "revision": "3c953558d61fdd9b136d981764e3242bd92b2648",
          "version": "1.7.0"
        }
      }
    ]
  },
  "version": 1
}
