{
  "object": {
    "pins": [
      {
        "package": "abseil",
        "repositoryURL": "https://github.com/firebase/abseil-cpp.git",
        "state": {
          "branch": null,
          "revision": "d30bd7751ce343a05fca6413de0dec062163e5e9",
          "version": null
        }
      },
      {
        "package": "Amplitude",
        "repositoryURL": "https://github.com/amplitude/Amplitude-iOS.git",
        "state": {
          "branch": null,
          "revision": "b8fd7cce6708fe49b7d07c0a777b72f231b4b919",
          "version": "7.3.0"
        }
      },
      {
        "package": "Base32",
        "repositoryURL": "https://github.com/bas-d/Base32",
        "state": {
          "branch": "spm",
          "revision": "27f3abc61f3190aec471ca604e6f1db80f1a5dc1",
          "version": null
        }
      },
      {
        "package": "BoringSSL-GRPC",
        "repositoryURL": "https://github.com/firebase/boringssl.git",
        "state": {
          "branch": null,
          "revision": "897ffb6fbb5a5ea149216d664ce8b04d77e3df22",
          "version": null
        }
      },
      {
        "package": "Clibsodium",
        "repositoryURL": "https://github.com/junelife/clibsodium-xcframework",
        "state": {
          "branch": null,
          "revision": "7d07eaac8f6fc7ad3248b1a8c601e0c098c552dc",
          "version": "0.9.2"
        }
      },
      {
        "package": "DataCompression",
        "repositoryURL": "https://github.com/mw99/DataCompression.git",
        "state": {
          "branch": null,
          "revision": "6abb8f3cd0e4b2a33b4927a7a92b6764528f2440",
          "version": "3.6.0"
        }
      },
      {
        "package": "Down",
        "repositoryURL": "https://github.com/iwasrobbed/Down.git",
        "state": {
          "branch": null,
          "revision": "0bcd20dc56ad7fd47bbb99a1d2302a8bfa43b6d0",
          "version": "0.10.0"
        }
      },
      {
        "package": "Firebase",
        "repositoryURL": "https://github.com/firebase/firebase-ios-sdk.git",
        "state": {
          "branch": "6.31-spm-beta",
          "revision": "a4020c5dfc447183aebd9daac2708db266aa2929",
          "version": null
        }
      },
      {
        "package": "PMKFoundation",
        "repositoryURL": "https://github.com/PromiseKit/Foundation.git",
        "state": {
          "branch": null,
          "revision": "1a276e598dac59489ed904887e0740fa75e571e0",
          "version": "3.3.4"
        }
      },
      {
        "package": "gRPC",
        "repositoryURL": "https://github.com/firebase/grpc.git",
        "state": {
          "branch": null,
          "revision": "cae939a8823bbc39912aa2990cf95e29ace381b3",
          "version": null
        }
      },
      {
        "package": "GTMSessionFetcher",
        "repositoryURL": "https://github.com/google/gtm-session-fetcher.git",
        "state": {
          "branch": null,
          "revision": "91ed3d188eb95705fef3c249453b81f32dc557d1",
          "version": "1.5.0"
        }
      },
      {
        "package": "Kronos",
        "repositoryURL": "https://github.com/lyft/Kronos.git",
        "state": {
          "branch": null,
          "revision": "b7f54653a8bb503f42b59ab3160eb11f333b9d3f",
          "version": "4.2.1"
        }
      },
      {
        "package": "leveldb",
        "repositoryURL": "https://github.com/firebase/leveldb.git",
        "state": {
          "branch": null,
          "revision": "3f046978ecffd57ea6eb9a0897cc8a3b45b44df8",
          "version": null
        }
      },
      {
        "package": "MBProgressHUD",
        "repositoryURL": "https://github.com/jdg/MBProgressHUD.git",
        "state": {
          "branch": null,
          "revision": "bca42b801100b2b3a4eda0ba8dd33d858c780b0d",
          "version": "1.2.0"
        }
      },
      {
        "package": "nanopb",
        "repositoryURL": "https://github.com/nanopb/nanopb.git",
        "state": {
          "branch": null,
          "revision": "3cfa21200eea012d8765239ad4c50d8a36c283f1",
          "version": null
        }
      },
      {
        "package": "OneTimePassword",
        "repositoryURL": "https://github.com/bas-d/OneTimePassword.git",
        "state": {
          "branch": "spm",
          "revision": "5f413e5f6574a4807c5383ff6b7b9e9533f429bb",
          "version": null
        }
      },
      {
        "package": "PromiseKit",
        "repositoryURL": "https://github.com/mxcl/PromiseKit.git",
        "state": {
          "branch": null,
          "revision": "aea48ea1855f5d82e2dffa6027afce3aab8f3dd7",
          "version": "6.13.3"
        }
      },
      {
        "package": "Promises",
        "repositoryURL": "https://github.com/google/promises.git",
        "state": {
          "branch": null,
          "revision": "afa9a1ace74e116848d4f743599ab83e584ff8cb",
          "version": "1.2.12"
        }
      },
      {
        "package": "Sodium",
        "repositoryURL": "https://github.com/junelife/swift-sodium",
        "state": {
          "branch": "master",
          "revision": "c4f4a947fa4d2284baf8999c579e0dbb9d131c98",
          "version": null
        }
      },
      {
        "package": "TrustKit",
        "repositoryURL": "https://github.com/datatheorem/TrustKit.git",
        "state": {
          "branch": null,
          "revision": "3c953558d61fdd9b136d981764e3242bd92b2648",
          "version": "1.7.0"
        }
      }
    ]
  },
  "version": 1
}
